// !$*UTF8*$!
{
	archiveVersion = 1;
	classes = {
	};
	objectVersion = 56;
	objects = {

/* Begin PBXBuildFile section */
		1E1E9D242A9DFD200095BB0C /* ContentView.swift in Sources */ = {isa = PBXBuildFile; fileRef = 1E1E9D232A9DFD200095BB0C /* ContentView.swift */; };
		1E1E9D262A9DFD210095BB0C /* Assets.xcassets in Resources */ = {isa = PBXBuildFile; fileRef = 1E1E9D252A9DFD210095BB0C /* Assets.xcassets */; };
		1E1E9D292A9DFD210095BB0C /* Preview Assets.xcassets in Resources */ = {isa = PBXBuildFile; fileRef = 1E1E9D282A9DFD210095BB0C /* Preview Assets.xcassets */; };
		1E1E9D332A9DFD210095BB0C /* Landmarks_Watch_AppTests.swift in Sources */ = {isa = PBXBuildFile; fileRef = 1E1E9D322A9DFD210095BB0C /* Landmarks_Watch_AppTests.swift */; };
		1E1E9D3D2A9DFD210095BB0C /* Landmarks_Watch_AppUITests.swift in Sources */ = {isa = PBXBuildFile; fileRef = 1E1E9D3C2A9DFD210095BB0C /* Landmarks_Watch_AppUITests.swift */; };
		1E1E9D3F2A9DFD210095BB0C /* Landmarks_Watch_AppUITestsLaunchTests.swift in Sources */ = {isa = PBXBuildFile; fileRef = 1E1E9D3E2A9DFD210095BB0C /* Landmarks_Watch_AppUITestsLaunchTests.swift */; };
		1E1E9D492A9E03D60095BB0C /* MapView.swift in Sources */ = {isa = PBXBuildFile; fileRef = 1E2CCE3C2A924206001DD849 /* MapView.swift */; };
		1E1E9D4A2A9E03D60095BB0C /* landmarkData.json in Resources */ = {isa = PBXBuildFile; fileRef = 1E2CCE3E2A92696C001DD849 /* landmarkData.json */; };
		1E1E9D4B2A9E03D60095BB0C /* Landmark.swift in Sources */ = {isa = PBXBuildFile; fileRef = 1E2CCE402A926985001DD849 /* Landmark.swift */; };
		1E1E9D4C2A9E03D60095BB0C /* CircleImage.swift in Sources */ = {isa = PBXBuildFile; fileRef = 1E2CCE3A2A92412E001DD849 /* CircleImage.swift */; };
		1E1E9D4D2A9E03D60095BB0C /* LandmarkApp.swift in Sources */ = {isa = PBXBuildFile; fileRef = 1E2CCE102A923EFC001DD849 /* LandmarkApp.swift */; };
		1E1E9D4E2A9E03D60095BB0C /* Assets.xcassets in Resources */ = {isa = PBXBuildFile; fileRef = 1E2CCE142A923EFD001DD849 /* Assets.xcassets */; };
		1E1E9D4F2A9E03D60095BB0C /* ModelData.swift in Sources */ = {isa = PBXBuildFile; fileRef = 1E2CCE422A926A9A001DD849 /* ModelData.swift */; };
		1E1E9D502A9E03D60095BB0C /* Profile.swift in Sources */ = {isa = PBXBuildFile; fileRef = 1EB22EB82A9B6DC500E96F07 /* Profile.swift */; };
		1E1E9D512A9E03D60095BB0C /* Hike.swift in Sources */ = {isa = PBXBuildFile; fileRef = 1E95D7D42A95D67F00F733F4 /* Hike.swift */; };
		1E1E9D522A9E03D60095BB0C /* LandmarkRow.swift in Sources */ = {isa = PBXBuildFile; fileRef = 1E2CCE472A926BF7001DD849 /* LandmarkRow.swift */; };
		1E1E9D542A9E03D60095BB0C /* hikeData.json in Resources */ = {isa = PBXBuildFile; fileRef = 1E95D7D22A95D66B00F733F4 /* hikeData.json */; };
		1E1E9D562A9E04230095BB0C /* LandMarkDetail.swift in Sources */ = {isa = PBXBuildFile; fileRef = 1E1E9D552A9E04230095BB0C /* LandMarkDetail.swift */; };
		1E1E9D592A9E06D40095BB0C /* NotificationsView.swift in Sources */ = {isa = PBXBuildFile; fileRef = 1E1E9D582A9E06D40095BB0C /* NotificationsView.swift */; };
		1E1E9D5B2A9E07370095BB0C /* NotificationController.swift in Sources */ = {isa = PBXBuildFile; fileRef = 1E1E9D5A2A9E07370095BB0C /* NotificationController.swift */; };
		1E1E9D5E2A9E09D30095BB0C /* PushNotificationPayload.apns in Resources */ = {isa = PBXBuildFile; fileRef = 1E1E9D5D2A9E09D30095BB0C /* PushNotificationPayload.apns */; };
		1E1E9D682A9E0CF30095BB0C /* ContentView.swift in Sources */ = {isa = PBXBuildFile; fileRef = 1E1E9D672A9E0CF30095BB0C /* ContentView.swift */; };
		1E1E9D6A2A9E0CF40095BB0C /* Assets.xcassets in Resources */ = {isa = PBXBuildFile; fileRef = 1E1E9D692A9E0CF40095BB0C /* Assets.xcassets */; };
		1E1E9D6D2A9E0CF40095BB0C /* Preview Assets.xcassets in Resources */ = {isa = PBXBuildFile; fileRef = 1E1E9D6C2A9E0CF40095BB0C /* Preview Assets.xcassets */; };
		1E1E9D722A9E11750095BB0C /* landmarkData.json in Resources */ = {isa = PBXBuildFile; fileRef = 1E2CCE3E2A92696C001DD849 /* landmarkData.json */; };
		1E1E9D732A9E11750095BB0C /* hikeData.json in Resources */ = {isa = PBXBuildFile; fileRef = 1E95D7D22A95D66B00F733F4 /* hikeData.json */; };
		1E1E9D742A9E11750095BB0C /* Profile.swift in Sources */ = {isa = PBXBuildFile; fileRef = 1EB22EB82A9B6DC500E96F07 /* Profile.swift */; };
		1E1E9D752A9E11750095BB0C /* ModelData.swift in Sources */ = {isa = PBXBuildFile; fileRef = 1E2CCE422A926A9A001DD849 /* ModelData.swift */; };
		1E1E9D762A9E11750095BB0C /* LandmarkApp.swift in Sources */ = {isa = PBXBuildFile; fileRef = 1E2CCE102A923EFC001DD849 /* LandmarkApp.swift */; };
		1E1E9D772A9E11750095BB0C /* FavoriteButton.swift in Sources */ = {isa = PBXBuildFile; fileRef = 1E9FCA752A93A2C900953600 /* FavoriteButton.swift */; };
		1E1E9D782A9E11750095BB0C /* Hike.swift in Sources */ = {isa = PBXBuildFile; fileRef = 1E95D7D42A95D67F00F733F4 /* Hike.swift */; };
		1E1E9D792A9E11750095BB0C /* CircleImage.swift in Sources */ = {isa = PBXBuildFile; fileRef = 1E2CCE3A2A92412E001DD849 /* CircleImage.swift */; };
		1E1E9D7A2A9E11750095BB0C /* LandmarkList.swift in Sources */ = {isa = PBXBuildFile; fileRef = 1E2CCE492A926D60001DD849 /* LandmarkList.swift */; };
		1E1E9D7B2A9E11750095BB0C /* Landmark.swift in Sources */ = {isa = PBXBuildFile; fileRef = 1E2CCE402A926985001DD849 /* Landmark.swift */; };
		1E1E9D7C2A9E11750095BB0C /* MapView.swift in Sources */ = {isa = PBXBuildFile; fileRef = 1E2CCE3C2A924206001DD849 /* MapView.swift */; };
		1E1E9D7D2A9E11750095BB0C /* LandmarkRow.swift in Sources */ = {isa = PBXBuildFile; fileRef = 1E2CCE472A926BF7001DD849 /* LandmarkRow.swift */; };
		1E1E9D7F2A9E11D30095BB0C /* LandMarkDetail.swift in Sources */ = {isa = PBXBuildFile; fileRef = 1E1E9D7E2A9E11D30095BB0C /* LandMarkDetail.swift */; };
		1E1E9D802A9E13A10095BB0C /* Assets.xcassets in Resources */ = {isa = PBXBuildFile; fileRef = 1E2CCE142A923EFD001DD849 /* Assets.xcassets */; };
		1E1E9D822A9E15DB0095BB0C /* LandmarkList.swift in Sources */ = {isa = PBXBuildFile; fileRef = 1E1E9D812A9E15DB0095BB0C /* LandmarkList.swift */; };
		1E2CCE112A923EFC001DD849 /* LandmarkApp.swift in Sources */ = {isa = PBXBuildFile; fileRef = 1E2CCE102A923EFC001DD849 /* LandmarkApp.swift */; };
		1E2CCE132A923EFC001DD849 /* ContentView.swift in Sources */ = {isa = PBXBuildFile; fileRef = 1E2CCE122A923EFC001DD849 /* ContentView.swift */; };
		1E2CCE152A923EFD001DD849 /* Assets.xcassets in Resources */ = {isa = PBXBuildFile; fileRef = 1E2CCE142A923EFD001DD849 /* Assets.xcassets */; };
		1E2CCE182A923EFD001DD849 /* Preview Assets.xcassets in Resources */ = {isa = PBXBuildFile; fileRef = 1E2CCE172A923EFD001DD849 /* Preview Assets.xcassets */; };
		1E2CCE222A923EFD001DD849 /* LandmarkTests.swift in Sources */ = {isa = PBXBuildFile; fileRef = 1E2CCE212A923EFD001DD849 /* LandmarkTests.swift */; };
		1E2CCE2C2A923EFD001DD849 /* LandmarkUITests.swift in Sources */ = {isa = PBXBuildFile; fileRef = 1E2CCE2B2A923EFD001DD849 /* LandmarkUITests.swift */; };
		1E2CCE2E2A923EFD001DD849 /* LandmarkUITestsLaunchTests.swift in Sources */ = {isa = PBXBuildFile; fileRef = 1E2CCE2D2A923EFD001DD849 /* LandmarkUITestsLaunchTests.swift */; };
		1E2CCE3B2A92412E001DD849 /* CircleImage.swift in Sources */ = {isa = PBXBuildFile; fileRef = 1E2CCE3A2A92412E001DD849 /* CircleImage.swift */; };
		1E2CCE3D2A924206001DD849 /* MapView.swift in Sources */ = {isa = PBXBuildFile; fileRef = 1E2CCE3C2A924206001DD849 /* MapView.swift */; };
		1E2CCE3F2A92696C001DD849 /* landmarkData.json in Resources */ = {isa = PBXBuildFile; fileRef = 1E2CCE3E2A92696C001DD849 /* landmarkData.json */; };
		1E2CCE412A926985001DD849 /* Landmark.swift in Sources */ = {isa = PBXBuildFile; fileRef = 1E2CCE402A926985001DD849 /* Landmark.swift */; };
		1E2CCE432A926A9A001DD849 /* ModelData.swift in Sources */ = {isa = PBXBuildFile; fileRef = 1E2CCE422A926A9A001DD849 /* ModelData.swift */; };
		1E2CCE482A926BF7001DD849 /* LandmarkRow.swift in Sources */ = {isa = PBXBuildFile; fileRef = 1E2CCE472A926BF7001DD849 /* LandmarkRow.swift */; };
		1E2CCE4A2A926D60001DD849 /* LandmarkList.swift in Sources */ = {isa = PBXBuildFile; fileRef = 1E2CCE492A926D60001DD849 /* LandmarkList.swift */; };
		1E2CCE4C2A926E56001DD849 /* LandMarkDetail.swift in Sources */ = {isa = PBXBuildFile; fileRef = 1E2CCE4B2A926E56001DD849 /* LandMarkDetail.swift */; };
		1E34AA5A2A9CA48000581CBC /* PageControl.swift in Sources */ = {isa = PBXBuildFile; fileRef = 1E34AA592A9CA48000581CBC /* PageControl.swift */; };
		1E5AA88F2A94D3D90067E8CC /* HexagonParameters.swift in Sources */ = {isa = PBXBuildFile; fileRef = 1E5AA88E2A94D3D90067E8CC /* HexagonParameters.swift */; };
		1E5AA8912A94D6340067E8CC /* BadgeBackground.swift in Sources */ = {isa = PBXBuildFile; fileRef = 1E5AA8902A94D6340067E8CC /* BadgeBackground.swift */; };
		1E95D7CC2A95C82B00F733F4 /* BadgeSymbol.swift in Sources */ = {isa = PBXBuildFile; fileRef = 1E95D7CB2A95C82B00F733F4 /* BadgeSymbol.swift */; };
		1E95D7CE2A95C8CA00F733F4 /* RotateBadgeSymbol.swift in Sources */ = {isa = PBXBuildFile; fileRef = 1E95D7CD2A95C8CA00F733F4 /* RotateBadgeSymbol.swift */; };
		1E95D7D02A95C98300F733F4 /* Badge.swift in Sources */ = {isa = PBXBuildFile; fileRef = 1E95D7CF2A95C98300F733F4 /* Badge.swift */; };
		1E95D7D32A95D66B00F733F4 /* hikeData.json in Resources */ = {isa = PBXBuildFile; fileRef = 1E95D7D22A95D66B00F733F4 /* hikeData.json */; };
		1E95D7D52A95D67F00F733F4 /* Hike.swift in Sources */ = {isa = PBXBuildFile; fileRef = 1E95D7D42A95D67F00F733F4 /* Hike.swift */; };
		1E95D7DB2A95F43600F733F4 /* GraphCapsule.swift in Sources */ = {isa = PBXBuildFile; fileRef = 1E95D7D72A95F43600F733F4 /* GraphCapsule.swift */; };
		1E95D7DC2A95F43600F733F4 /* HikeGraph.swift in Sources */ = {isa = PBXBuildFile; fileRef = 1E95D7D82A95F43600F733F4 /* HikeGraph.swift */; };
		1E95D7DD2A95F43600F733F4 /* HikeDetail.swift in Sources */ = {isa = PBXBuildFile; fileRef = 1E95D7D92A95F43600F733F4 /* HikeDetail.swift */; };
		1E95D7DE2A95F43600F733F4 /* HikeView.swift in Sources */ = {isa = PBXBuildFile; fileRef = 1E95D7DA2A95F43600F733F4 /* HikeView.swift */; };
		1E9FCA762A93A2C900953600 /* FavoriteButton.swift in Sources */ = {isa = PBXBuildFile; fileRef = 1E9FCA752A93A2C900953600 /* FavoriteButton.swift */; };
		1EB22EB22A9B627500E96F07 /* CategoriesHome.swift in Sources */ = {isa = PBXBuildFile; fileRef = 1EB22EB12A9B627500E96F07 /* CategoriesHome.swift */; };
		1EB22EB42A9B63D200E96F07 /* CategoryRow.swift in Sources */ = {isa = PBXBuildFile; fileRef = 1EB22EB32A9B63D200E96F07 /* CategoryRow.swift */; };
		1EB22EB62A9B64E400E96F07 /* CategoryItem.swift in Sources */ = {isa = PBXBuildFile; fileRef = 1EB22EB52A9B64E400E96F07 /* CategoryItem.swift */; };
		1EB22EB92A9B6DC500E96F07 /* Profile.swift in Sources */ = {isa = PBXBuildFile; fileRef = 1EB22EB82A9B6DC500E96F07 /* Profile.swift */; };
		1EB22EBB2A9B6E9000E96F07 /* ProfileHost.swift in Sources */ = {isa = PBXBuildFile; fileRef = 1EB22EBA2A9B6E9000E96F07 /* ProfileHost.swift */; };
		1EB22EBD2A9B6ECC00E96F07 /* ProfileSummary.swift in Sources */ = {isa = PBXBuildFile; fileRef = 1EB22EBC2A9B6ECC00E96F07 /* ProfileSummary.swift */; };
		1EB22EBF2A9B713A00E96F07 /* HikeBadge.swift in Sources */ = {isa = PBXBuildFile; fileRef = 1EB22EBE2A9B713A00E96F07 /* HikeBadge.swift */; };
		1EB22EC12A9B786400E96F07 /* ProfileEditor.swift in Sources */ = {isa = PBXBuildFile; fileRef = 1EB22EC02A9B786400E96F07 /* ProfileEditor.swift */; };
		1EB22EC42A9B82CD00E96F07 /* PageViewController.swift in Sources */ = {isa = PBXBuildFile; fileRef = 1EB22EC32A9B82CD00E96F07 /* PageViewController.swift */; };
		1EB22EC62A9B846E00E96F07 /* FeatureCard.swift in Sources */ = {isa = PBXBuildFile; fileRef = 1EB22EC52A9B846E00E96F07 /* FeatureCard.swift */; };
		1EB22EC82A9B85E700E96F07 /* PageView.swift in Sources */ = {isa = PBXBuildFile; fileRef = 1EB22EC72A9B85E700E96F07 /* PageView.swift */; };
/* End PBXBuildFile section */

/* Begin PBXContainerItemProxy section */
		1E1E9D2F2A9DFD210095BB0C /* PBXContainerItemProxy */ = {
			isa = PBXContainerItemProxy;
			containerPortal = 1E2CCE052A923EFC001DD849 /* Project object */;
			proxyType = 1;
			remoteGlobalIDString = 1E1E9D1E2A9DFD200095BB0C;
			remoteInfo = "Landmarks Watch App";
		};
		1E1E9D392A9DFD210095BB0C /* PBXContainerItemProxy */ = {
			isa = PBXContainerItemProxy;
			containerPortal = 1E2CCE052A923EFC001DD849 /* Project object */;
			proxyType = 1;
			remoteGlobalIDString = 1E1E9D1E2A9DFD200095BB0C;
			remoteInfo = "Landmarks Watch App";
		};
		1E2CCE1E2A923EFD001DD849 /* PBXContainerItemProxy */ = {
			isa = PBXContainerItemProxy;
			containerPortal = 1E2CCE052A923EFC001DD849 /* Project object */;
			proxyType = 1;
			remoteGlobalIDString = 1E2CCE0C2A923EFC001DD849;
			remoteInfo = Landmark;
		};
		1E2CCE282A923EFD001DD849 /* PBXContainerItemProxy */ = {
			isa = PBXContainerItemProxy;
			containerPortal = 1E2CCE052A923EFC001DD849 /* Project object */;
			proxyType = 1;
			remoteGlobalIDString = 1E2CCE0C2A923EFC001DD849;
			remoteInfo = Landmark;
		};
/* End PBXContainerItemProxy section */

/* Begin PBXFileReference section */
		1E1E9D1F2A9DFD200095BB0C /* Landmarks Watch App.app */ = {isa = PBXFileReference; explicitFileType = wrapper.application; includeInIndex = 0; path = "Landmarks Watch App.app"; sourceTree = BUILT_PRODUCTS_DIR; };
		1E1E9D232A9DFD200095BB0C /* ContentView.swift */ = {isa = PBXFileReference; lastKnownFileType = sourcecode.swift; path = ContentView.swift; sourceTree = "<group>"; };
		1E1E9D252A9DFD210095BB0C /* Assets.xcassets */ = {isa = PBXFileReference; lastKnownFileType = folder.assetcatalog; path = Assets.xcassets; sourceTree = "<group>"; };
		1E1E9D282A9DFD210095BB0C /* Preview Assets.xcassets */ = {isa = PBXFileReference; lastKnownFileType = folder.assetcatalog; path = "Preview Assets.xcassets"; sourceTree = "<group>"; };
		1E1E9D2E2A9DFD210095BB0C /* Landmarks Watch AppTests.xctest */ = {isa = PBXFileReference; explicitFileType = wrapper.cfbundle; includeInIndex = 0; path = "Landmarks Watch AppTests.xctest"; sourceTree = BUILT_PRODUCTS_DIR; };
		1E1E9D322A9DFD210095BB0C /* Landmarks_Watch_AppTests.swift */ = {isa = PBXFileReference; lastKnownFileType = sourcecode.swift; path = Landmarks_Watch_AppTests.swift; sourceTree = "<group>"; };
		1E1E9D382A9DFD210095BB0C /* Landmarks Watch AppUITests.xctest */ = {isa = PBXFileReference; explicitFileType = wrapper.cfbundle; includeInIndex = 0; path = "Landmarks Watch AppUITests.xctest"; sourceTree = BUILT_PRODUCTS_DIR; };
		1E1E9D3C2A9DFD210095BB0C /* Landmarks_Watch_AppUITests.swift */ = {isa = PBXFileReference; lastKnownFileType = sourcecode.swift; path = Landmarks_Watch_AppUITests.swift; sourceTree = "<group>"; };
		1E1E9D3E2A9DFD210095BB0C /* Landmarks_Watch_AppUITestsLaunchTests.swift */ = {isa = PBXFileReference; lastKnownFileType = sourcecode.swift; path = Landmarks_Watch_AppUITestsLaunchTests.swift; sourceTree = "<group>"; };
		1E1E9D552A9E04230095BB0C /* LandMarkDetail.swift */ = {isa = PBXFileReference; lastKnownFileType = sourcecode.swift; path = LandMarkDetail.swift; sourceTree = "<group>"; };
		1E1E9D582A9E06D40095BB0C /* NotificationsView.swift */ = {isa = PBXFileReference; lastKnownFileType = sourcecode.swift; path = NotificationsView.swift; sourceTree = "<group>"; };
		1E1E9D5A2A9E07370095BB0C /* NotificationController.swift */ = {isa = PBXFileReference; lastKnownFileType = sourcecode.swift; path = NotificationController.swift; sourceTree = "<group>"; };
		1E1E9D5D2A9E09D30095BB0C /* PushNotificationPayload.apns */ = {isa = PBXFileReference; fileEncoding = 4; lastKnownFileType = text; path = PushNotificationPayload.apns; sourceTree = "<group>"; };
		1E1E9D632A9E0CF30095BB0C /* MacLandmarks.app */ = {isa = PBXFileReference; explicitFileType = wrapper.application; includeInIndex = 0; path = MacLandmarks.app; sourceTree = BUILT_PRODUCTS_DIR; };
		1E1E9D672A9E0CF30095BB0C /* ContentView.swift */ = {isa = PBXFileReference; lastKnownFileType = sourcecode.swift; path = ContentView.swift; sourceTree = "<group>"; };
		1E1E9D692A9E0CF40095BB0C /* Assets.xcassets */ = {isa = PBXFileReference; lastKnownFileType = folder.assetcatalog; path = Assets.xcassets; sourceTree = "<group>"; };
		1E1E9D6C2A9E0CF40095BB0C /* Preview Assets.xcassets */ = {isa = PBXFileReference; lastKnownFileType = folder.assetcatalog; path = "Preview Assets.xcassets"; sourceTree = "<group>"; };
		1E1E9D6E2A9E0CF40095BB0C /* MacLandmarks.entitlements */ = {isa = PBXFileReference; lastKnownFileType = text.plist.entitlements; path = MacLandmarks.entitlements; sourceTree = "<group>"; };
		1E1E9D7E2A9E11D30095BB0C /* LandMarkDetail.swift */ = {isa = PBXFileReference; lastKnownFileType = sourcecode.swift; path = LandMarkDetail.swift; sourceTree = "<group>"; };
		1E1E9D812A9E15DB0095BB0C /* LandmarkList.swift */ = {isa = PBXFileReference; lastKnownFileType = sourcecode.swift; path = LandmarkList.swift; sourceTree = "<group>"; };
		1E2CCE0D2A923EFC001DD849 /* Landmark.app */ = {isa = PBXFileReference; explicitFileType = wrapper.application; includeInIndex = 0; path = Landmark.app; sourceTree = BUILT_PRODUCTS_DIR; };
		1E2CCE102A923EFC001DD849 /* LandmarkApp.swift */ = {isa = PBXFileReference; lastKnownFileType = sourcecode.swift; path = LandmarkApp.swift; sourceTree = "<group>"; };
		1E2CCE122A923EFC001DD849 /* ContentView.swift */ = {isa = PBXFileReference; lastKnownFileType = sourcecode.swift; path = ContentView.swift; sourceTree = "<group>"; };
		1E2CCE142A923EFD001DD849 /* Assets.xcassets */ = {isa = PBXFileReference; lastKnownFileType = folder.assetcatalog; path = Assets.xcassets; sourceTree = "<group>"; };
		1E2CCE172A923EFD001DD849 /* Preview Assets.xcassets */ = {isa = PBXFileReference; lastKnownFileType = folder.assetcatalog; path = "Preview Assets.xcassets"; sourceTree = "<group>"; };
		1E2CCE1D2A923EFD001DD849 /* LandmarkTests.xctest */ = {isa = PBXFileReference; explicitFileType = wrapper.cfbundle; includeInIndex = 0; path = LandmarkTests.xctest; sourceTree = BUILT_PRODUCTS_DIR; };
		1E2CCE212A923EFD001DD849 /* LandmarkTests.swift */ = {isa = PBXFileReference; lastKnownFileType = sourcecode.swift; path = LandmarkTests.swift; sourceTree = "<group>"; };
		1E2CCE272A923EFD001DD849 /* LandmarkUITests.xctest */ = {isa = PBXFileReference; explicitFileType = wrapper.cfbundle; includeInIndex = 0; path = LandmarkUITests.xctest; sourceTree = BUILT_PRODUCTS_DIR; };
		1E2CCE2B2A923EFD001DD849 /* LandmarkUITests.swift */ = {isa = PBXFileReference; lastKnownFileType = sourcecode.swift; path = LandmarkUITests.swift; sourceTree = "<group>"; };
		1E2CCE2D2A923EFD001DD849 /* LandmarkUITestsLaunchTests.swift */ = {isa = PBXFileReference; lastKnownFileType = sourcecode.swift; path = LandmarkUITestsLaunchTests.swift; sourceTree = "<group>"; };
		1E2CCE3A2A92412E001DD849 /* CircleImage.swift */ = {isa = PBXFileReference; lastKnownFileType = sourcecode.swift; path = CircleImage.swift; sourceTree = "<group>"; };
		1E2CCE3C2A924206001DD849 /* MapView.swift */ = {isa = PBXFileReference; lastKnownFileType = sourcecode.swift; path = MapView.swift; sourceTree = "<group>"; };
		1E2CCE3E2A92696C001DD849 /* landmarkData.json */ = {isa = PBXFileReference; fileEncoding = 4; lastKnownFileType = text.json; path = landmarkData.json; sourceTree = "<group>"; };
		1E2CCE402A926985001DD849 /* Landmark.swift */ = {isa = PBXFileReference; lastKnownFileType = sourcecode.swift; path = Landmark.swift; sourceTree = "<group>"; };
		1E2CCE422A926A9A001DD849 /* ModelData.swift */ = {isa = PBXFileReference; lastKnownFileType = sourcecode.swift; path = ModelData.swift; sourceTree = "<group>"; };
		1E2CCE472A926BF7001DD849 /* LandmarkRow.swift */ = {isa = PBXFileReference; lastKnownFileType = sourcecode.swift; path = LandmarkRow.swift; sourceTree = "<group>"; };
		1E2CCE492A926D60001DD849 /* LandmarkList.swift */ = {isa = PBXFileReference; lastKnownFileType = sourcecode.swift; path = LandmarkList.swift; sourceTree = "<group>"; };
		1E2CCE4B2A926E56001DD849 /* LandMarkDetail.swift */ = {isa = PBXFileReference; lastKnownFileType = sourcecode.swift; path = LandMarkDetail.swift; sourceTree = "<group>"; };
		1E34AA592A9CA48000581CBC /* PageControl.swift */ = {isa = PBXFileReference; lastKnownFileType = sourcecode.swift; path = PageControl.swift; sourceTree = "<group>"; };
		1E5AA88E2A94D3D90067E8CC /* HexagonParameters.swift */ = {isa = PBXFileReference; lastKnownFileType = sourcecode.swift; path = HexagonParameters.swift; sourceTree = "<group>"; };
		1E5AA8902A94D6340067E8CC /* BadgeBackground.swift */ = {isa = PBXFileReference; lastKnownFileType = sourcecode.swift; path = BadgeBackground.swift; sourceTree = "<group>"; };
		1E95D7CB2A95C82B00F733F4 /* BadgeSymbol.swift */ = {isa = PBXFileReference; lastKnownFileType = sourcecode.swift; path = BadgeSymbol.swift; sourceTree = "<group>"; };
		1E95D7CD2A95C8CA00F733F4 /* RotateBadgeSymbol.swift */ = {isa = PBXFileReference; lastKnownFileType = sourcecode.swift; path = RotateBadgeSymbol.swift; sourceTree = "<group>"; };
		1E95D7CF2A95C98300F733F4 /* Badge.swift */ = {isa = PBXFileReference; lastKnownFileType = sourcecode.swift; path = Badge.swift; sourceTree = "<group>"; };
		1E95D7D22A95D66B00F733F4 /* hikeData.json */ = {isa = PBXFileReference; fileEncoding = 4; lastKnownFileType = text.json; path = hikeData.json; sourceTree = "<group>"; };
		1E95D7D42A95D67F00F733F4 /* Hike.swift */ = {isa = PBXFileReference; lastKnownFileType = sourcecode.swift; path = Hike.swift; sourceTree = "<group>"; };
		1E95D7D72A95F43600F733F4 /* GraphCapsule.swift */ = {isa = PBXFileReference; fileEncoding = 4; lastKnownFileType = sourcecode.swift; path = GraphCapsule.swift; sourceTree = "<group>"; };
		1E95D7D82A95F43600F733F4 /* HikeGraph.swift */ = {isa = PBXFileReference; fileEncoding = 4; lastKnownFileType = sourcecode.swift; path = HikeGraph.swift; sourceTree = "<group>"; };
		1E95D7D92A95F43600F733F4 /* HikeDetail.swift */ = {isa = PBXFileReference; fileEncoding = 4; lastKnownFileType = sourcecode.swift; path = HikeDetail.swift; sourceTree = "<group>"; };
		1E95D7DA2A95F43600F733F4 /* HikeView.swift */ = {isa = PBXFileReference; fileEncoding = 4; lastKnownFileType = sourcecode.swift; path = HikeView.swift; sourceTree = "<group>"; };
		1E9FCA752A93A2C900953600 /* FavoriteButton.swift */ = {isa = PBXFileReference; lastKnownFileType = sourcecode.swift; path = FavoriteButton.swift; sourceTree = "<group>"; };
		1EB22EB12A9B627500E96F07 /* CategoriesHome.swift */ = {isa = PBXFileReference; lastKnownFileType = sourcecode.swift; path = CategoriesHome.swift; sourceTree = "<group>"; };
		1EB22EB32A9B63D200E96F07 /* CategoryRow.swift */ = {isa = PBXFileReference; lastKnownFileType = sourcecode.swift; path = CategoryRow.swift; sourceTree = "<group>"; };
		1EB22EB52A9B64E400E96F07 /* CategoryItem.swift */ = {isa = PBXFileReference; lastKnownFileType = sourcecode.swift; path = CategoryItem.swift; sourceTree = "<group>"; };
		1EB22EB82A9B6DC500E96F07 /* Profile.swift */ = {isa = PBXFileReference; lastKnownFileType = sourcecode.swift; path = Profile.swift; sourceTree = "<group>"; };
		1EB22EBA2A9B6E9000E96F07 /* ProfileHost.swift */ = {isa = PBXFileReference; lastKnownFileType = sourcecode.swift; path = ProfileHost.swift; sourceTree = "<group>"; };
		1EB22EBC2A9B6ECC00E96F07 /* ProfileSummary.swift */ = {isa = PBXFileReference; lastKnownFileType = sourcecode.swift; path = ProfileSummary.swift; sourceTree = "<group>"; };
		1EB22EBE2A9B713A00E96F07 /* HikeBadge.swift */ = {isa = PBXFileReference; lastKnownFileType = sourcecode.swift; path = HikeBadge.swift; sourceTree = "<group>"; };
		1EB22EC02A9B786400E96F07 /* ProfileEditor.swift */ = {isa = PBXFileReference; lastKnownFileType = sourcecode.swift; path = ProfileEditor.swift; sourceTree = "<group>"; };
		1EB22EC32A9B82CD00E96F07 /* PageViewController.swift */ = {isa = PBXFileReference; lastKnownFileType = sourcecode.swift; path = PageViewController.swift; sourceTree = "<group>"; };
		1EB22EC52A9B846E00E96F07 /* FeatureCard.swift */ = {isa = PBXFileReference; lastKnownFileType = sourcecode.swift; path = FeatureCard.swift; sourceTree = "<group>"; };
		1EB22EC72A9B85E700E96F07 /* PageView.swift */ = {isa = PBXFileReference; lastKnownFileType = sourcecode.swift; path = PageView.swift; sourceTree = "<group>"; };
/* End PBXFileReference section */

/* Begin PBXFrameworksBuildPhase section */
		1E1E9D1C2A9DFD200095BB0C /* Frameworks */ = {
			isa = PBXFrameworksBuildPhase;
			buildActionMask = 2147483647;
			files = (
			);
			runOnlyForDeploymentPostprocessing = 0;
		};
		1E1E9D2B2A9DFD210095BB0C /* Frameworks */ = {
			isa = PBXFrameworksBuildPhase;
			buildActionMask = 2147483647;
			files = (
			);
			runOnlyForDeploymentPostprocessing = 0;
		};
		1E1E9D352A9DFD210095BB0C /* Frameworks */ = {
			isa = PBXFrameworksBuildPhase;
			buildActionMask = 2147483647;
			files = (
			);
			runOnlyForDeploymentPostprocessing = 0;
		};
		1E1E9D602A9E0CF30095BB0C /* Frameworks */ = {
			isa = PBXFrameworksBuildPhase;
			buildActionMask = 2147483647;
			files = (
			);
			runOnlyForDeploymentPostprocessing = 0;
		};
		1E2CCE0A2A923EFC001DD849 /* Frameworks */ = {
			isa = PBXFrameworksBuildPhase;
			buildActionMask = 2147483647;
			files = (
			);
			runOnlyForDeploymentPostprocessing = 0;
		};
		1E2CCE1A2A923EFD001DD849 /* Frameworks */ = {
			isa = PBXFrameworksBuildPhase;
			buildActionMask = 2147483647;
			files = (
			);
			runOnlyForDeploymentPostprocessing = 0;
		};
		1E2CCE242A923EFD001DD849 /* Frameworks */ = {
			isa = PBXFrameworksBuildPhase;
			buildActionMask = 2147483647;
			files = (
			);
			runOnlyForDeploymentPostprocessing = 0;
		};
/* End PBXFrameworksBuildPhase section */

/* Begin PBXGroup section */
		1E1E9D202A9DFD200095BB0C /* Landmarks Watch App */ = {
			isa = PBXGroup;
			children = (
				1E1E9D5D2A9E09D30095BB0C /* PushNotificationPayload.apns */,
				1E1E9D572A9E06C80095BB0C /* Notifications */,
				1E1E9D232A9DFD200095BB0C /* ContentView.swift */,
				1E1E9D252A9DFD210095BB0C /* Assets.xcassets */,
				1E1E9D272A9DFD210095BB0C /* Preview Content */,
				1E1E9D552A9E04230095BB0C /* LandMarkDetail.swift */,
				1E1E9D812A9E15DB0095BB0C /* LandmarkList.swift */,
			);
			path = "Landmarks Watch App";
			sourceTree = "<group>";
		};
		1E1E9D272A9DFD210095BB0C /* Preview Content */ = {
			isa = PBXGroup;
			children = (
				1E1E9D282A9DFD210095BB0C /* Preview Assets.xcassets */,
			);
			path = "Preview Content";
			sourceTree = "<group>";
		};
		1E1E9D312A9DFD210095BB0C /* Landmarks Watch AppTests */ = {
			isa = PBXGroup;
			children = (
				1E1E9D322A9DFD210095BB0C /* Landmarks_Watch_AppTests.swift */,
			);
			path = "Landmarks Watch AppTests";
			sourceTree = "<group>";
		};
		1E1E9D3B2A9DFD210095BB0C /* Landmarks Watch AppUITests */ = {
			isa = PBXGroup;
			children = (
				1E1E9D3C2A9DFD210095BB0C /* Landmarks_Watch_AppUITests.swift */,
				1E1E9D3E2A9DFD210095BB0C /* Landmarks_Watch_AppUITestsLaunchTests.swift */,
			);
			path = "Landmarks Watch AppUITests";
			sourceTree = "<group>";
		};
		1E1E9D572A9E06C80095BB0C /* Notifications */ = {
			isa = PBXGroup;
			children = (
				1E1E9D582A9E06D40095BB0C /* NotificationsView.swift */,
				1E1E9D5A2A9E07370095BB0C /* NotificationController.swift */,
			);
			path = Notifications;
			sourceTree = "<group>";
		};
		1E1E9D642A9E0CF30095BB0C /* MacLandmarks */ = {
			isa = PBXGroup;
			children = (
				1E1E9D672A9E0CF30095BB0C /* ContentView.swift */,
				1E1E9D692A9E0CF40095BB0C /* Assets.xcassets */,
				1E1E9D6E2A9E0CF40095BB0C /* MacLandmarks.entitlements */,
				1E1E9D6B2A9E0CF40095BB0C /* Preview Content */,
				1E1E9D7E2A9E11D30095BB0C /* LandMarkDetail.swift */,
			);
			path = MacLandmarks;
			sourceTree = "<group>";
		};
		1E1E9D6B2A9E0CF40095BB0C /* Preview Content */ = {
			isa = PBXGroup;
			children = (
				1E1E9D6C2A9E0CF40095BB0C /* Preview Assets.xcassets */,
			);
			path = "Preview Content";
			sourceTree = "<group>";
		};
		1E2CCE042A923EFC001DD849 = {
			isa = PBXGroup;
			children = (
				1E2CCE0F2A923EFC001DD849 /* Landmark */,
				1E2CCE202A923EFD001DD849 /* LandmarkTests */,
				1E2CCE2A2A923EFD001DD849 /* LandmarkUITests */,
				1E1E9D202A9DFD200095BB0C /* Landmarks Watch App */,
				1E1E9D312A9DFD210095BB0C /* Landmarks Watch AppTests */,
				1E1E9D3B2A9DFD210095BB0C /* Landmarks Watch AppUITests */,
				1E1E9D642A9E0CF30095BB0C /* MacLandmarks */,
				1E2CCE0E2A923EFC001DD849 /* Products */,
			);
			sourceTree = "<group>";
		};
		1E2CCE0E2A923EFC001DD849 /* Products */ = {
			isa = PBXGroup;
			children = (
				1E2CCE0D2A923EFC001DD849 /* Landmark.app */,
				1E2CCE1D2A923EFD001DD849 /* LandmarkTests.xctest */,
				1E2CCE272A923EFD001DD849 /* LandmarkUITests.xctest */,
				1E1E9D1F2A9DFD200095BB0C /* Landmarks Watch App.app */,
				1E1E9D2E2A9DFD210095BB0C /* Landmarks Watch AppTests.xctest */,
				1E1E9D382A9DFD210095BB0C /* Landmarks Watch AppUITests.xctest */,
				1E1E9D632A9E0CF30095BB0C /* MacLandmarks.app */,
			);
			name = Products;
			sourceTree = "<group>";
		};
		1E2CCE0F2A923EFC001DD849 /* Landmark */ = {
			isa = PBXGroup;
			children = (
				1E2CCE462A926B9F001DD849 /* Resources */,
				1E2CCE452A926B9A001DD849 /* Model */,
				1E2CCE442A926B94001DD849 /* Views */,
				1E2CCE102A923EFC001DD849 /* LandmarkApp.swift */,
				1E2CCE142A923EFD001DD849 /* Assets.xcassets */,
				1E2CCE162A923EFD001DD849 /* Preview Content */,
			);
			path = Landmark;
			sourceTree = "<group>";
		};
		1E2CCE162A923EFD001DD849 /* Preview Content */ = {
			isa = PBXGroup;
			children = (
				1E2CCE172A923EFD001DD849 /* Preview Assets.xcassets */,
			);
			path = "Preview Content";
			sourceTree = "<group>";
		};
		1E2CCE202A923EFD001DD849 /* LandmarkTests */ = {
			isa = PBXGroup;
			children = (
				1E2CCE212A923EFD001DD849 /* LandmarkTests.swift */,
			);
			path = LandmarkTests;
			sourceTree = "<group>";
		};
		1E2CCE2A2A923EFD001DD849 /* LandmarkUITests */ = {
			isa = PBXGroup;
			children = (
				1E2CCE2B2A923EFD001DD849 /* LandmarkUITests.swift */,
				1E2CCE2D2A923EFD001DD849 /* LandmarkUITestsLaunchTests.swift */,
			);
			path = LandmarkUITests;
			sourceTree = "<group>";
		};
		1E2CCE442A926B94001DD849 /* Views */ = {
			isa = PBXGroup;
			children = (
				1EB22EC22A9B82B900E96F07 /* PageView */,
				1EB22EB72A9B6DB900E96F07 /* Profile */,
				1EB22EB02A9B625700E96F07 /* categories */,
				1E95D7D62A95F43600F733F4 /* Hikes */,
				1E95D7D12A95CAC600F733F4 /* Badges */,
				1E9FCA782A93A36600953600 /* Helpers */,
				1E9FCA772A93A35E00953600 /* Landmarks */,
			);
			path = Views;
			sourceTree = "<group>";
		};
		1E2CCE452A926B9A001DD849 /* Model */ = {
			isa = PBXGroup;
			children = (
				1EB22EB82A9B6DC500E96F07 /* Profile.swift */,
				1E2CCE402A926985001DD849 /* Landmark.swift */,
				1E2CCE422A926A9A001DD849 /* ModelData.swift */,
				1E95D7D42A95D67F00F733F4 /* Hike.swift */,
			);
			path = Model;
			sourceTree = "<group>";
		};
		1E2CCE462A926B9F001DD849 /* Resources */ = {
			isa = PBXGroup;
			children = (
				1E95D7D22A95D66B00F733F4 /* hikeData.json */,
				1E2CCE3E2A92696C001DD849 /* landmarkData.json */,
			);
			path = Resources;
			sourceTree = "<group>";
		};
		1E95D7D12A95CAC600F733F4 /* Badges */ = {
			isa = PBXGroup;
			children = (
				1E95D7CF2A95C98300F733F4 /* Badge.swift */,
				1E5AA88E2A94D3D90067E8CC /* HexagonParameters.swift */,
				1E5AA8902A94D6340067E8CC /* BadgeBackground.swift */,
				1E95D7CD2A95C8CA00F733F4 /* RotateBadgeSymbol.swift */,
				1E95D7CB2A95C82B00F733F4 /* BadgeSymbol.swift */,
			);
			path = Badges;
			sourceTree = "<group>";
		};
		1E95D7D62A95F43600F733F4 /* Hikes */ = {
			isa = PBXGroup;
			children = (
				1E95D7D72A95F43600F733F4 /* GraphCapsule.swift */,
				1E95D7D82A95F43600F733F4 /* HikeGraph.swift */,
				1E95D7D92A95F43600F733F4 /* HikeDetail.swift */,
				1E95D7DA2A95F43600F733F4 /* HikeView.swift */,
				1EB22EBE2A9B713A00E96F07 /* HikeBadge.swift */,
			);
			path = Hikes;
			sourceTree = "<group>";
		};
		1E9FCA772A93A35E00953600 /* Landmarks */ = {
			isa = PBXGroup;
			children = (
				1E2CCE4B2A926E56001DD849 /* LandMarkDetail.swift */,
				1E2CCE492A926D60001DD849 /* LandmarkList.swift */,
				1E2CCE472A926BF7001DD849 /* LandmarkRow.swift */,
				1E2CCE122A923EFC001DD849 /* ContentView.swift */,
			);
			path = Landmarks;
			sourceTree = "<group>";
		};
		1E9FCA782A93A36600953600 /* Helpers */ = {
			isa = PBXGroup;
			children = (
				1E9FCA752A93A2C900953600 /* FavoriteButton.swift */,
				1E2CCE3C2A924206001DD849 /* MapView.swift */,
				1E2CCE3A2A92412E001DD849 /* CircleImage.swift */,
			);
			path = Helpers;
			sourceTree = "<group>";
		};
		1EB22EB02A9B625700E96F07 /* categories */ = {
			isa = PBXGroup;
			children = (
				1EB22EB12A9B627500E96F07 /* CategoriesHome.swift */,
				1EB22EB32A9B63D200E96F07 /* CategoryRow.swift */,
				1EB22EB52A9B64E400E96F07 /* CategoryItem.swift */,
			);
			path = categories;
			sourceTree = "<group>";
		};
		1EB22EB72A9B6DB900E96F07 /* Profile */ = {
			isa = PBXGroup;
			children = (
				1EB22EBA2A9B6E9000E96F07 /* ProfileHost.swift */,
				1EB22EBC2A9B6ECC00E96F07 /* ProfileSummary.swift */,
				1EB22EC02A9B786400E96F07 /* ProfileEditor.swift */,
			);
			path = Profile;
			sourceTree = "<group>";
		};
		1EB22EC22A9B82B900E96F07 /* PageView */ = {
			isa = PBXGroup;
			children = (
				1EB22EC32A9B82CD00E96F07 /* PageViewController.swift */,
				1EB22EC52A9B846E00E96F07 /* FeatureCard.swift */,
				1EB22EC72A9B85E700E96F07 /* PageView.swift */,
				1E34AA592A9CA48000581CBC /* PageControl.swift */,
			);
			path = PageView;
			sourceTree = "<group>";
		};
/* End PBXGroup section */

/* Begin PBXNativeTarget section */
		1E1E9D1E2A9DFD200095BB0C /* Landmarks Watch App */ = {
			isa = PBXNativeTarget;
			buildConfigurationList = 1E1E9D462A9DFD210095BB0C /* Build configuration list for PBXNativeTarget "Landmarks Watch App" */;
			buildPhases = (
				1E1E9D1B2A9DFD200095BB0C /* Sources */,
				1E1E9D1C2A9DFD200095BB0C /* Frameworks */,
				1E1E9D1D2A9DFD200095BB0C /* Resources */,
			);
			buildRules = (
			);
			dependencies = (
			);
			name = "Landmarks Watch App";
			productName = "Landmarks Watch App";
			productReference = 1E1E9D1F2A9DFD200095BB0C /* Landmarks Watch App.app */;
			productType = "com.apple.product-type.application";
		};
		1E1E9D2D2A9DFD210095BB0C /* Landmarks Watch AppTests */ = {
			isa = PBXNativeTarget;
			buildConfigurationList = 1E1E9D472A9DFD210095BB0C /* Build configuration list for PBXNativeTarget "Landmarks Watch AppTests" */;
			buildPhases = (
				1E1E9D2A2A9DFD210095BB0C /* Sources */,
				1E1E9D2B2A9DFD210095BB0C /* Frameworks */,
				1E1E9D2C2A9DFD210095BB0C /* Resources */,
			);
			buildRules = (
			);
			dependencies = (
				1E1E9D302A9DFD210095BB0C /* PBXTargetDependency */,
			);
			name = "Landmarks Watch AppTests";
			productName = "Landmarks Watch AppTests";
			productReference = 1E1E9D2E2A9DFD210095BB0C /* Landmarks Watch AppTests.xctest */;
			productType = "com.apple.product-type.bundle.unit-test";
		};
		1E1E9D372A9DFD210095BB0C /* Landmarks Watch AppUITests */ = {
			isa = PBXNativeTarget;
			buildConfigurationList = 1E1E9D482A9DFD210095BB0C /* Build configuration list for PBXNativeTarget "Landmarks Watch AppUITests" */;
			buildPhases = (
				1E1E9D342A9DFD210095BB0C /* Sources */,
				1E1E9D352A9DFD210095BB0C /* Frameworks */,
				1E1E9D362A9DFD210095BB0C /* Resources */,
			);
			buildRules = (
			);
			dependencies = (
				1E1E9D3A2A9DFD210095BB0C /* PBXTargetDependency */,
			);
			name = "Landmarks Watch AppUITests";
			productName = "Landmarks Watch AppUITests";
			productReference = 1E1E9D382A9DFD210095BB0C /* Landmarks Watch AppUITests.xctest */;
			productType = "com.apple.product-type.bundle.ui-testing";
		};
		1E1E9D622A9E0CF30095BB0C /* MacLandmarks */ = {
			isa = PBXNativeTarget;
			buildConfigurationList = 1E1E9D6F2A9E0CF40095BB0C /* Build configuration list for PBXNativeTarget "MacLandmarks" */;
			buildPhases = (
				1E1E9D5F2A9E0CF30095BB0C /* Sources */,
				1E1E9D602A9E0CF30095BB0C /* Frameworks */,
				1E1E9D612A9E0CF30095BB0C /* Resources */,
			);
			buildRules = (
			);
			dependencies = (
			);
			name = MacLandmarks;
			productName = MacLandmarks;
			productReference = 1E1E9D632A9E0CF30095BB0C /* MacLandmarks.app */;
			productType = "com.apple.product-type.application";
		};
		1E2CCE0C2A923EFC001DD849 /* Landmark */ = {
			isa = PBXNativeTarget;
			buildConfigurationList = 1E2CCE312A923EFD001DD849 /* Build configuration list for PBXNativeTarget "Landmark" */;
			buildPhases = (
				1E2CCE092A923EFC001DD849 /* Sources */,
				1E2CCE0A2A923EFC001DD849 /* Frameworks */,
				1E2CCE0B2A923EFC001DD849 /* Resources */,
			);
			buildRules = (
			);
			dependencies = (
			);
			name = Landmark;
			productName = Landmark;
			productReference = 1E2CCE0D2A923EFC001DD849 /* Landmark.app */;
			productType = "com.apple.product-type.application";
		};
		1E2CCE1C2A923EFD001DD849 /* LandmarkTests */ = {
			isa = PBXNativeTarget;
			buildConfigurationList = 1E2CCE342A923EFD001DD849 /* Build configuration list for PBXNativeTarget "LandmarkTests" */;
			buildPhases = (
				1E2CCE192A923EFD001DD849 /* Sources */,
				1E2CCE1A2A923EFD001DD849 /* Frameworks */,
				1E2CCE1B2A923EFD001DD849 /* Resources */,
			);
			buildRules = (
			);
			dependencies = (
				1E2CCE1F2A923EFD001DD849 /* PBXTargetDependency */,
			);
			name = LandmarkTests;
			productName = LandmarkTests;
			productReference = 1E2CCE1D2A923EFD001DD849 /* LandmarkTests.xctest */;
			productType = "com.apple.product-type.bundle.unit-test";
		};
		1E2CCE262A923EFD001DD849 /* LandmarkUITests */ = {
			isa = PBXNativeTarget;
			buildConfigurationList = 1E2CCE372A923EFD001DD849 /* Build configuration list for PBXNativeTarget "LandmarkUITests" */;
			buildPhases = (
				1E2CCE232A923EFD001DD849 /* Sources */,
				1E2CCE242A923EFD001DD849 /* Frameworks */,
				1E2CCE252A923EFD001DD849 /* Resources */,
			);
			buildRules = (
			);
			dependencies = (
				1E2CCE292A923EFD001DD849 /* PBXTargetDependency */,
			);
			name = LandmarkUITests;
			productName = LandmarkUITests;
			productReference = 1E2CCE272A923EFD001DD849 /* LandmarkUITests.xctest */;
			productType = "com.apple.product-type.bundle.ui-testing";
		};
/* End PBXNativeTarget section */

/* Begin PBXProject section */
		1E2CCE052A923EFC001DD849 /* Project object */ = {
			isa = PBXProject;
			attributes = {
				BuildIndependentTargetsInParallel = 1;
				LastSwiftUpdateCheck = 1430;
				LastUpgradeCheck = 1430;
				TargetAttributes = {
					1E1E9D1E2A9DFD200095BB0C = {
						CreatedOnToolsVersion = 14.3.1;
					};
					1E1E9D2D2A9DFD210095BB0C = {
						CreatedOnToolsVersion = 14.3.1;
						TestTargetID = 1E1E9D1E2A9DFD200095BB0C;
					};
					1E1E9D372A9DFD210095BB0C = {
						CreatedOnToolsVersion = 14.3.1;
						TestTargetID = 1E1E9D1E2A9DFD200095BB0C;
					};
					1E1E9D622A9E0CF30095BB0C = {
						CreatedOnToolsVersion = 14.3.1;
					};
					1E2CCE0C2A923EFC001DD849 = {
						CreatedOnToolsVersion = 14.3.1;
					};
					1E2CCE1C2A923EFD001DD849 = {
						CreatedOnToolsVersion = 14.3.1;
						TestTargetID = 1E2CCE0C2A923EFC001DD849;
					};
					1E2CCE262A923EFD001DD849 = {
						CreatedOnToolsVersion = 14.3.1;
						TestTargetID = 1E2CCE0C2A923EFC001DD849;
					};
				};
			};
			buildConfigurationList = 1E2CCE082A923EFC001DD849 /* Build configuration list for PBXProject "Landmark" */;
			compatibilityVersion = "Xcode 14.0";
			developmentRegion = en;
			hasScannedForEncodings = 0;
			knownRegions = (
				en,
				Base,
			);
			mainGroup = 1E2CCE042A923EFC001DD849;
			productRefGroup = 1E2CCE0E2A923EFC001DD849 /* Products */;
			projectDirPath = "";
			projectRoot = "";
			targets = (
				1E2CCE0C2A923EFC001DD849 /* Landmark */,
				1E2CCE1C2A923EFD001DD849 /* LandmarkTests */,
				1E2CCE262A923EFD001DD849 /* LandmarkUITests */,
				1E1E9D1E2A9DFD200095BB0C /* Landmarks Watch App */,
				1E1E9D2D2A9DFD210095BB0C /* Landmarks Watch AppTests */,
				1E1E9D372A9DFD210095BB0C /* Landmarks Watch AppUITests */,
				1E1E9D622A9E0CF30095BB0C /* MacLandmarks */,
			);
		};
/* End PBXProject section */

/* Begin PBXResourcesBuildPhase section */
		1E1E9D1D2A9DFD200095BB0C /* Resources */ = {
			isa = PBXResourcesBuildPhase;
			buildActionMask = 2147483647;
			files = (
				1E1E9D292A9DFD210095BB0C /* Preview Assets.xcassets in Resources */,
				1E1E9D262A9DFD210095BB0C /* Assets.xcassets in Resources */,
				1E1E9D4E2A9E03D60095BB0C /* Assets.xcassets in Resources */,
				1E1E9D4A2A9E03D60095BB0C /* landmarkData.json in Resources */,
				1E1E9D542A9E03D60095BB0C /* hikeData.json in Resources */,
				1E1E9D5E2A9E09D30095BB0C /* PushNotificationPayload.apns in Resources */,
			);
			runOnlyForDeploymentPostprocessing = 0;
		};
		1E1E9D2C2A9DFD210095BB0C /* Resources */ = {
			isa = PBXResourcesBuildPhase;
			buildActionMask = 2147483647;
			files = (
			);
			runOnlyForDeploymentPostprocessing = 0;
		};
		1E1E9D362A9DFD210095BB0C /* Resources */ = {
			isa = PBXResourcesBuildPhase;
			buildActionMask = 2147483647;
			files = (
			);
			runOnlyForDeploymentPostprocessing = 0;
		};
		1E1E9D612A9E0CF30095BB0C /* Resources */ = {
			isa = PBXResourcesBuildPhase;
			buildActionMask = 2147483647;
			files = (
				1E1E9D732A9E11750095BB0C /* hikeData.json in Resources */,
				1E1E9D6D2A9E0CF40095BB0C /* Preview Assets.xcassets in Resources */,
				1E1E9D6A2A9E0CF40095BB0C /* Assets.xcassets in Resources */,
				1E1E9D722A9E11750095BB0C /* landmarkData.json in Resources */,
				1E1E9D802A9E13A10095BB0C /* Assets.xcassets in Resources */,
			);
			runOnlyForDeploymentPostprocessing = 0;
		};
		1E2CCE0B2A923EFC001DD849 /* Resources */ = {
			isa = PBXResourcesBuildPhase;
			buildActionMask = 2147483647;
			files = (
				1E95D7D32A95D66B00F733F4 /* hikeData.json in Resources */,
				1E2CCE182A923EFD001DD849 /* Preview Assets.xcassets in Resources */,
				1E2CCE152A923EFD001DD849 /* Assets.xcassets in Resources */,
				1E2CCE3F2A92696C001DD849 /* landmarkData.json in Resources */,
			);
			runOnlyForDeploymentPostprocessing = 0;
		};
		1E2CCE1B2A923EFD001DD849 /* Resources */ = {
			isa = PBXResourcesBuildPhase;
			buildActionMask = 2147483647;
			files = (
			);
			runOnlyForDeploymentPostprocessing = 0;
		};
		1E2CCE252A923EFD001DD849 /* Resources */ = {
			isa = PBXResourcesBuildPhase;
			buildActionMask = 2147483647;
			files = (
			);
			runOnlyForDeploymentPostprocessing = 0;
		};
/* End PBXResourcesBuildPhase section */

/* Begin PBXSourcesBuildPhase section */
		1E1E9D1B2A9DFD200095BB0C /* Sources */ = {
			isa = PBXSourcesBuildPhase;
			buildActionMask = 2147483647;
			files = (
				1E1E9D242A9DFD200095BB0C /* ContentView.swift in Sources */,
				1E1E9D4D2A9E03D60095BB0C /* LandmarkApp.swift in Sources */,
				1E1E9D4C2A9E03D60095BB0C /* CircleImage.swift in Sources */,
				1E1E9D822A9E15DB0095BB0C /* LandmarkList.swift in Sources */,
				1E1E9D502A9E03D60095BB0C /* Profile.swift in Sources */,
				1E1E9D492A9E03D60095BB0C /* MapView.swift in Sources */,
				1E1E9D4B2A9E03D60095BB0C /* Landmark.swift in Sources */,
				1E1E9D512A9E03D60095BB0C /* Hike.swift in Sources */,
				1E1E9D4F2A9E03D60095BB0C /* ModelData.swift in Sources */,
				1E1E9D522A9E03D60095BB0C /* LandmarkRow.swift in Sources */,
				1E1E9D5B2A9E07370095BB0C /* NotificationController.swift in Sources */,
				1E1E9D592A9E06D40095BB0C /* NotificationsView.swift in Sources */,
				1E1E9D562A9E04230095BB0C /* LandMarkDetail.swift in Sources */,
			);
			runOnlyForDeploymentPostprocessing = 0;
		};
		1E1E9D2A2A9DFD210095BB0C /* Sources */ = {
			isa = PBXSourcesBuildPhase;
			buildActionMask = 2147483647;
			files = (
				1E1E9D332A9DFD210095BB0C /* Landmarks_Watch_AppTests.swift in Sources */,
			);
			runOnlyForDeploymentPostprocessing = 0;
		};
		1E1E9D342A9DFD210095BB0C /* Sources */ = {
			isa = PBXSourcesBuildPhase;
			buildActionMask = 2147483647;
			files = (
				1E1E9D3F2A9DFD210095BB0C /* Landmarks_Watch_AppUITestsLaunchTests.swift in Sources */,
				1E1E9D3D2A9DFD210095BB0C /* Landmarks_Watch_AppUITests.swift in Sources */,
			);
			runOnlyForDeploymentPostprocessing = 0;
		};
		1E1E9D5F2A9E0CF30095BB0C /* Sources */ = {
			isa = PBXSourcesBuildPhase;
			buildActionMask = 2147483647;
			files = (
				1E1E9D782A9E11750095BB0C /* Hike.swift in Sources */,
				1E1E9D682A9E0CF30095BB0C /* ContentView.swift in Sources */,
				1E1E9D742A9E11750095BB0C /* Profile.swift in Sources */,
				1E1E9D7A2A9E11750095BB0C /* LandmarkList.swift in Sources */,
				1E1E9D7F2A9E11D30095BB0C /* LandMarkDetail.swift in Sources */,
				1E1E9D792A9E11750095BB0C /* CircleImage.swift in Sources */,
				1E1E9D7B2A9E11750095BB0C /* Landmark.swift in Sources */,
				1E1E9D752A9E11750095BB0C /* ModelData.swift in Sources */,
				1E1E9D7C2A9E11750095BB0C /* MapView.swift in Sources */,
				1E1E9D7D2A9E11750095BB0C /* LandmarkRow.swift in Sources */,
				1E1E9D772A9E11750095BB0C /* FavoriteButton.swift in Sources */,
				1E1E9D762A9E11750095BB0C /* LandmarkApp.swift in Sources */,
			);
			runOnlyForDeploymentPostprocessing = 0;
		};
		1E2CCE092A923EFC001DD849 /* Sources */ = {
			isa = PBXSourcesBuildPhase;
			buildActionMask = 2147483647;
			files = (
				1EB22EB42A9B63D200E96F07 /* CategoryRow.swift in Sources */,
				1EB22EB92A9B6DC500E96F07 /* Profile.swift in Sources */,
				1E5AA88F2A94D3D90067E8CC /* HexagonParameters.swift in Sources */,
				1E95D7DC2A95F43600F733F4 /* HikeGraph.swift in Sources */,
				1EB22EC62A9B846E00E96F07 /* FeatureCard.swift in Sources */,
				1E95D7D02A95C98300F733F4 /* Badge.swift in Sources */,
				1E2CCE132A923EFC001DD849 /* ContentView.swift in Sources */,
				1E95D7DB2A95F43600F733F4 /* GraphCapsule.swift in Sources */,
				1E95D7CE2A95C8CA00F733F4 /* RotateBadgeSymbol.swift in Sources */,
				1E2CCE3D2A924206001DD849 /* MapView.swift in Sources */,
				1E34AA5A2A9CA48000581CBC /* PageControl.swift in Sources */,
				1E95D7DD2A95F43600F733F4 /* HikeDetail.swift in Sources */,
				1EB22EB62A9B64E400E96F07 /* CategoryItem.swift in Sources */,
				1E2CCE112A923EFC001DD849 /* LandmarkApp.swift in Sources */,
				1EB22EBD2A9B6ECC00E96F07 /* ProfileSummary.swift in Sources */,
				1EB22EB22A9B627500E96F07 /* CategoriesHome.swift in Sources */,
				1EB22EBB2A9B6E9000E96F07 /* ProfileHost.swift in Sources */,
				1E95D7D52A95D67F00F733F4 /* Hike.swift in Sources */,
				1E9FCA762A93A2C900953600 /* FavoriteButton.swift in Sources */,
				1EB22EC82A9B85E700E96F07 /* PageView.swift in Sources */,
				1E95D7CC2A95C82B00F733F4 /* BadgeSymbol.swift in Sources */,
				1EB22EC12A9B786400E96F07 /* ProfileEditor.swift in Sources */,
				1E2CCE4A2A926D60001DD849 /* LandmarkList.swift in Sources */,
				1E95D7DE2A95F43600F733F4 /* HikeView.swift in Sources */,
				1E2CCE4C2A926E56001DD849 /* LandMarkDetail.swift in Sources */,
				1EB22EC42A9B82CD00E96F07 /* PageViewController.swift in Sources */,
				1E5AA8912A94D6340067E8CC /* BadgeBackground.swift in Sources */,
				1EB22EBF2A9B713A00E96F07 /* HikeBadge.swift in Sources */,
				1E2CCE3B2A92412E001DD849 /* CircleImage.swift in Sources */,
				1E2CCE412A926985001DD849 /* Landmark.swift in Sources */,
				1E2CCE482A926BF7001DD849 /* LandmarkRow.swift in Sources */,
				1E2CCE432A926A9A001DD849 /* ModelData.swift in Sources */,
			);
			runOnlyForDeploymentPostprocessing = 0;
		};
		1E2CCE192A923EFD001DD849 /* Sources */ = {
			isa = PBXSourcesBuildPhase;
			buildActionMask = 2147483647;
			files = (
				1E2CCE222A923EFD001DD849 /* LandmarkTests.swift in Sources */,
			);
			runOnlyForDeploymentPostprocessing = 0;
		};
		1E2CCE232A923EFD001DD849 /* Sources */ = {
			isa = PBXSourcesBuildPhase;
			buildActionMask = 2147483647;
			files = (
				1E2CCE2E2A923EFD001DD849 /* LandmarkUITestsLaunchTests.swift in Sources */,
				1E2CCE2C2A923EFD001DD849 /* LandmarkUITests.swift in Sources */,
			);
			runOnlyForDeploymentPostprocessing = 0;
		};
/* End PBXSourcesBuildPhase section */

/* Begin PBXTargetDependency section */
		1E1E9D302A9DFD210095BB0C /* PBXTargetDependency */ = {
			isa = PBXTargetDependency;
			target = 1E1E9D1E2A9DFD200095BB0C /* Landmarks Watch App */;
			targetProxy = 1E1E9D2F2A9DFD210095BB0C /* PBXContainerItemProxy */;
		};
		1E1E9D3A2A9DFD210095BB0C /* PBXTargetDependency */ = {
			isa = PBXTargetDependency;
			target = 1E1E9D1E2A9DFD200095BB0C /* Landmarks Watch App */;
			targetProxy = 1E1E9D392A9DFD210095BB0C /* PBXContainerItemProxy */;
		};
		1E2CCE1F2A923EFD001DD849 /* PBXTargetDependency */ = {
			isa = PBXTargetDependency;
			target = 1E2CCE0C2A923EFC001DD849 /* Landmark */;
			targetProxy = 1E2CCE1E2A923EFD001DD849 /* PBXContainerItemProxy */;
		};
		1E2CCE292A923EFD001DD849 /* PBXTargetDependency */ = {
			isa = PBXTargetDependency;
			target = 1E2CCE0C2A923EFC001DD849 /* Landmark */;
			targetProxy = 1E2CCE282A923EFD001DD849 /* PBXContainerItemProxy */;
		};
/* End PBXTargetDependency section */

/* Begin XCBuildConfiguration section */
		1E1E9D402A9DFD210095BB0C /* Debug */ = {
			isa = XCBuildConfiguration;
			buildSettings = {
				ASSETCATALOG_COMPILER_APPICON_NAME = AppIcon;
				ASSETCATALOG_COMPILER_GLOBAL_ACCENT_COLOR_NAME = AccentColor;
				CODE_SIGN_STYLE = Automatic;
				CURRENT_PROJECT_VERSION = 1;
				DEVELOPMENT_ASSET_PATHS = "\"Landmarks Watch App/Preview Content\"";
				DEVELOPMENT_TEAM = RWNWK95DSQ;
				ENABLE_PREVIEWS = YES;
				GENERATE_INFOPLIST_FILE = YES;
				INFOPLIST_KEY_CFBundleDisplayName = Landmarks;
				INFOPLIST_KEY_UISupportedInterfaceOrientations = "UIInterfaceOrientationPortrait UIInterfaceOrientationPortraitUpsideDown";
				INFOPLIST_KEY_WKCompanionAppBundleIdentifier = "";
				INFOPLIST_KEY_WKRunsIndependentlyOfCompanionApp = YES;
				LD_RUNPATH_SEARCH_PATHS = (
					"$(inherited)",
					"@executable_path/Frameworks",
				);
				MARKETING_VERSION = 1.0;
				PRODUCT_BUNDLE_IDENTIFIER = .watchkitapp;
				PRODUCT_NAME = "$(TARGET_NAME)";
				SDKROOT = watchos;
				SKIP_INSTALL = YES;
				SWIFT_EMIT_LOC_STRINGS = YES;
				SWIFT_VERSION = 5.0;
				TARGETED_DEVICE_FAMILY = 4;
				WATCHOS_DEPLOYMENT_TARGET = 9.4;
			};
			name = Debug;
		};
		1E1E9D412A9DFD210095BB0C /* Release */ = {
			isa = XCBuildConfiguration;
			buildSettings = {
				ASSETCATALOG_COMPILER_APPICON_NAME = AppIcon;
				ASSETCATALOG_COMPILER_GLOBAL_ACCENT_COLOR_NAME = AccentColor;
				CODE_SIGN_STYLE = Automatic;
				CURRENT_PROJECT_VERSION = 1;
				DEVELOPMENT_ASSET_PATHS = "\"Landmarks Watch App/Preview Content\"";
				DEVELOPMENT_TEAM = RWNWK95DSQ;
				ENABLE_PREVIEWS = YES;
				GENERATE_INFOPLIST_FILE = YES;
				INFOPLIST_KEY_CFBundleDisplayName = Landmarks;
				INFOPLIST_KEY_UISupportedInterfaceOrientations = "UIInterfaceOrientationPortrait UIInterfaceOrientationPortraitUpsideDown";
				INFOPLIST_KEY_WKCompanionAppBundleIdentifier = "";
				INFOPLIST_KEY_WKRunsIndependentlyOfCompanionApp = YES;
				LD_RUNPATH_SEARCH_PATHS = (
					"$(inherited)",
					"@executable_path/Frameworks",
				);
				MARKETING_VERSION = 1.0;
				PRODUCT_BUNDLE_IDENTIFIER = .watchkitapp;
				PRODUCT_NAME = "$(TARGET_NAME)";
				SDKROOT = watchos;
				SKIP_INSTALL = YES;
				SWIFT_EMIT_LOC_STRINGS = YES;
				SWIFT_VERSION = 5.0;
				TARGETED_DEVICE_FAMILY = 4;
				WATCHOS_DEPLOYMENT_TARGET = 9.4;
			};
			name = Release;
		};
		1E1E9D422A9DFD210095BB0C /* Debug */ = {
			isa = XCBuildConfiguration;
			buildSettings = {
				ALWAYS_EMBED_SWIFT_STANDARD_LIBRARIES = YES;
				BUNDLE_LOADER = "$(TEST_HOST)";
				CODE_SIGN_STYLE = Automatic;
				CURRENT_PROJECT_VERSION = 1;
				DEVELOPMENT_TEAM = RWNWK95DSQ;
				GENERATE_INFOPLIST_FILE = YES;
				MARKETING_VERSION = 1.0;
				PRODUCT_BUNDLE_IDENTIFIER = "elric.Landmarks-Watch-AppTests";
				PRODUCT_NAME = "$(TARGET_NAME)";
				SDKROOT = watchos;
				SWIFT_EMIT_LOC_STRINGS = NO;
				SWIFT_VERSION = 5.0;
				TARGETED_DEVICE_FAMILY = 4;
				TEST_HOST = "$(BUILT_PRODUCTS_DIR)/Landmarks Watch App.app/$(BUNDLE_EXECUTABLE_FOLDER_PATH)/Landmarks Watch App";
				WATCHOS_DEPLOYMENT_TARGET = 9.4;
			};
			name = Debug;
		};
		1E1E9D432A9DFD210095BB0C /* Release */ = {
			isa = XCBuildConfiguration;
			buildSettings = {
				ALWAYS_EMBED_SWIFT_STANDARD_LIBRARIES = YES;
				BUNDLE_LOADER = "$(TEST_HOST)";
				CODE_SIGN_STYLE = Automatic;
				CURRENT_PROJECT_VERSION = 1;
				DEVELOPMENT_TEAM = RWNWK95DSQ;
				GENERATE_INFOPLIST_FILE = YES;
				MARKETING_VERSION = 1.0;
				PRODUCT_BUNDLE_IDENTIFIER = "elric.Landmarks-Watch-AppTests";
				PRODUCT_NAME = "$(TARGET_NAME)";
				SDKROOT = watchos;
				SWIFT_EMIT_LOC_STRINGS = NO;
				SWIFT_VERSION = 5.0;
				TARGETED_DEVICE_FAMILY = 4;
				TEST_HOST = "$(BUILT_PRODUCTS_DIR)/Landmarks Watch App.app/$(BUNDLE_EXECUTABLE_FOLDER_PATH)/Landmarks Watch App";
				WATCHOS_DEPLOYMENT_TARGET = 9.4;
			};
			name = Release;
		};
		1E1E9D442A9DFD210095BB0C /* Debug */ = {
			isa = XCBuildConfiguration;
			buildSettings = {
				ALWAYS_EMBED_SWIFT_STANDARD_LIBRARIES = YES;
				CODE_SIGN_STYLE = Automatic;
				CURRENT_PROJECT_VERSION = 1;
				DEVELOPMENT_TEAM = RWNWK95DSQ;
				GENERATE_INFOPLIST_FILE = YES;
				MARKETING_VERSION = 1.0;
				PRODUCT_BUNDLE_IDENTIFIER = "elric.Landmarks-Watch-AppUITests";
				PRODUCT_NAME = "$(TARGET_NAME)";
				SDKROOT = watchos;
				SWIFT_EMIT_LOC_STRINGS = NO;
				SWIFT_VERSION = 5.0;
				TARGETED_DEVICE_FAMILY = 4;
				TEST_TARGET_NAME = "Landmarks Watch App";
				WATCHOS_DEPLOYMENT_TARGET = 9.4;
			};
			name = Debug;
		};
		1E1E9D452A9DFD210095BB0C /* Release */ = {
			isa = XCBuildConfiguration;
			buildSettings = {
				ALWAYS_EMBED_SWIFT_STANDARD_LIBRARIES = YES;
				CODE_SIGN_STYLE = Automatic;
				CURRENT_PROJECT_VERSION = 1;
				DEVELOPMENT_TEAM = RWNWK95DSQ;
				GENERATE_INFOPLIST_FILE = YES;
				MARKETING_VERSION = 1.0;
				PRODUCT_BUNDLE_IDENTIFIER = "elric.Landmarks-Watch-AppUITests";
				PRODUCT_NAME = "$(TARGET_NAME)";
				SDKROOT = watchos;
				SWIFT_EMIT_LOC_STRINGS = NO;
				SWIFT_VERSION = 5.0;
				TARGETED_DEVICE_FAMILY = 4;
				TEST_TARGET_NAME = "Landmarks Watch App";
				WATCHOS_DEPLOYMENT_TARGET = 9.4;
			};
			name = Release;
		};
		1E1E9D702A9E0CF40095BB0C /* Debug */ = {
			isa = XCBuildConfiguration;
			buildSettings = {
				ASSETCATALOG_COMPILER_APPICON_NAME = AppIcon;
				ASSETCATALOG_COMPILER_GLOBAL_ACCENT_COLOR_NAME = AccentColor;
				CODE_SIGN_ENTITLEMENTS = MacLandmarks/MacLandmarks.entitlements;
				CODE_SIGN_STYLE = Automatic;
				COMBINE_HIDPI_IMAGES = YES;
				CURRENT_PROJECT_VERSION = 1;
				DEVELOPMENT_ASSET_PATHS = "\"MacLandmarks/Preview Content\"";
				DEVELOPMENT_TEAM = RWNWK95DSQ;
				ENABLE_HARDENED_RUNTIME = YES;
				ENABLE_PREVIEWS = YES;
				GENERATE_INFOPLIST_FILE = YES;
				INFOPLIST_KEY_NSHumanReadableCopyright = "";
				LD_RUNPATH_SEARCH_PATHS = (
					"$(inherited)",
					"@executable_path/../Frameworks",
				);
				MACOSX_DEPLOYMENT_TARGET = 13.3;
				MARKETING_VERSION = 1.0;
				PRODUCT_BUNDLE_IDENTIFIER = elric.MacLandmarks;
				PRODUCT_NAME = "$(TARGET_NAME)";
				SDKROOT = macosx;
				SWIFT_EMIT_LOC_STRINGS = YES;
				SWIFT_VERSION = 5.0;
			};
			name = Debug;
		};
		1E1E9D712A9E0CF40095BB0C /* Release */ = {
			isa = XCBuildConfiguration;
			buildSettings = {
				ASSETCATALOG_COMPILER_APPICON_NAME = AppIcon;
				ASSETCATALOG_COMPILER_GLOBAL_ACCENT_COLOR_NAME = AccentColor;
				CODE_SIGN_ENTITLEMENTS = MacLandmarks/MacLandmarks.entitlements;
				CODE_SIGN_STYLE = Automatic;
				COMBINE_HIDPI_IMAGES = YES;
				CURRENT_PROJECT_VERSION = 1;
				DEVELOPMENT_ASSET_PATHS = "\"MacLandmarks/Preview Content\"";
				DEVELOPMENT_TEAM = RWNWK95DSQ;
				ENABLE_HARDENED_RUNTIME = YES;
				ENABLE_PREVIEWS = YES;
				GENERATE_INFOPLIST_FILE = YES;
				INFOPLIST_KEY_NSHumanReadableCopyright = "";
				LD_RUNPATH_SEARCH_PATHS = (
					"$(inherited)",
					"@executable_path/../Frameworks",
				);
				MACOSX_DEPLOYMENT_TARGET = 13.3;
				MARKETING_VERSION = 1.0;
				PRODUCT_BUNDLE_IDENTIFIER = elric.MacLandmarks;
				PRODUCT_NAME = "$(TARGET_NAME)";
				SDKROOT = macosx;
				SWIFT_EMIT_LOC_STRINGS = YES;
				SWIFT_VERSION = 5.0;
			};
			name = Release;
		};
		1E2CCE2F2A923EFD001DD849 /* Debug */ = {
			isa = XCBuildConfiguration;
			buildSettings = {
				ALWAYS_SEARCH_USER_PATHS = NO;
				CLANG_ANALYZER_NONNULL = YES;
				CLANG_ANALYZER_NUMBER_OBJECT_CONVERSION = YES_AGGRESSIVE;
				CLANG_CXX_LANGUAGE_STANDARD = "gnu++20";
				CLANG_ENABLE_MODULES = YES;
				CLANG_ENABLE_OBJC_ARC = YES;
				CLANG_ENABLE_OBJC_WEAK = YES;
				CLANG_WARN_BLOCK_CAPTURE_AUTORELEASING = YES;
				CLANG_WARN_BOOL_CONVERSION = YES;
				CLANG_WARN_COMMA = YES;
				CLANG_WARN_CONSTANT_CONVERSION = YES;
				CLANG_WARN_DEPRECATED_OBJC_IMPLEMENTATIONS = YES;
				CLANG_WARN_DIRECT_OBJC_ISA_USAGE = YES_ERROR;
				CLANG_WARN_DOCUMENTATION_COMMENTS = YES;
				CLANG_WARN_EMPTY_BODY = YES;
				CLANG_WARN_ENUM_CONVERSION = YES;
				CLANG_WARN_INFINITE_RECURSION = YES;
				CLANG_WARN_INT_CONVERSION = YES;
				CLANG_WARN_NON_LITERAL_NULL_CONVERSION = YES;
				CLANG_WARN_OBJC_IMPLICIT_RETAIN_SELF = YES;
				CLANG_WARN_OBJC_LITERAL_CONVERSION = YES;
				CLANG_WARN_OBJC_ROOT_CLASS = YES_ERROR;
				CLANG_WARN_QUOTED_INCLUDE_IN_FRAMEWORK_HEADER = YES;
				CLANG_WARN_RANGE_LOOP_ANALYSIS = YES;
				CLANG_WARN_STRICT_PROTOTYPES = YES;
				CLANG_WARN_SUSPICIOUS_MOVE = YES;
				CLANG_WARN_UNGUARDED_AVAILABILITY = YES_AGGRESSIVE;
				CLANG_WARN_UNREACHABLE_CODE = YES;
				CLANG_WARN__DUPLICATE_METHOD_MATCH = YES;
				COPY_PHASE_STRIP = NO;
				DEBUG_INFORMATION_FORMAT = dwarf;
				ENABLE_STRICT_OBJC_MSGSEND = YES;
				ENABLE_TESTABILITY = YES;
				GCC_C_LANGUAGE_STANDARD = gnu11;
				GCC_DYNAMIC_NO_PIC = NO;
				GCC_NO_COMMON_BLOCKS = YES;
				GCC_OPTIMIZATION_LEVEL = 0;
				GCC_PREPROCESSOR_DEFINITIONS = (
					"DEBUG=1",
					"$(inherited)",
				);
				GCC_WARN_64_TO_32_BIT_CONVERSION = YES;
				GCC_WARN_ABOUT_RETURN_TYPE = YES_ERROR;
				GCC_WARN_UNDECLARED_SELECTOR = YES;
				GCC_WARN_UNINITIALIZED_AUTOS = YES_AGGRESSIVE;
				GCC_WARN_UNUSED_FUNCTION = YES;
				GCC_WARN_UNUSED_VARIABLE = YES;
				IPHONEOS_DEPLOYMENT_TARGET = 16.4;
				MTL_ENABLE_DEBUG_INFO = INCLUDE_SOURCE;
				MTL_FAST_MATH = YES;
				ONLY_ACTIVE_ARCH = YES;
				SDKROOT = iphoneos;
				SWIFT_ACTIVE_COMPILATION_CONDITIONS = DEBUG;
				SWIFT_OPTIMIZATION_LEVEL = "-Onone";
			};
			name = Debug;
		};
		1E2CCE302A923EFD001DD849 /* Release */ = {
			isa = XCBuildConfiguration;
			buildSettings = {
				ALWAYS_SEARCH_USER_PATHS = NO;
				CLANG_ANALYZER_NONNULL = YES;
				CLANG_ANALYZER_NUMBER_OBJECT_CONVERSION = YES_AGGRESSIVE;
				CLANG_CXX_LANGUAGE_STANDARD = "gnu++20";
				CLANG_ENABLE_MODULES = YES;
				CLANG_ENABLE_OBJC_ARC = YES;
				CLANG_ENABLE_OBJC_WEAK = YES;
				CLANG_WARN_BLOCK_CAPTURE_AUTORELEASING = YES;
				CLANG_WARN_BOOL_CONVERSION = YES;
				CLANG_WARN_COMMA = YES;
				CLANG_WARN_CONSTANT_CONVERSION = YES;
				CLANG_WARN_DEPRECATED_OBJC_IMPLEMENTATIONS = YES;
				CLANG_WARN_DIRECT_OBJC_ISA_USAGE = YES_ERROR;
				CLANG_WARN_DOCUMENTATION_COMMENTS = YES;
				CLANG_WARN_EMPTY_BODY = YES;
				CLANG_WARN_ENUM_CONVERSION = YES;
				CLANG_WARN_INFINITE_RECURSION = YES;
				CLANG_WARN_INT_CONVERSION = YES;
				CLANG_WARN_NON_LITERAL_NULL_CONVERSION = YES;
				CLANG_WARN_OBJC_IMPLICIT_RETAIN_SELF = YES;
				CLANG_WARN_OBJC_LITERAL_CONVERSION = YES;
				CLANG_WARN_OBJC_ROOT_CLASS = YES_ERROR;
				CLANG_WARN_QUOTED_INCLUDE_IN_FRAMEWORK_HEADER = YES;
				CLANG_WARN_RANGE_LOOP_ANALYSIS = YES;
				CLANG_WARN_STRICT_PROTOTYPES = YES;
				CLANG_WARN_SUSPICIOUS_MOVE = YES;
				CLANG_WARN_UNGUARDED_AVAILABILITY = YES_AGGRESSIVE;
				CLANG_WARN_UNREACHABLE_CODE = YES;
				CLANG_WARN__DUPLICATE_METHOD_MATCH = YES;
				COPY_PHASE_STRIP = NO;
				DEBUG_INFORMATION_FORMAT = "dwarf-with-dsym";
				ENABLE_NS_ASSERTIONS = NO;
				ENABLE_STRICT_OBJC_MSGSEND = YES;
				GCC_C_LANGUAGE_STANDARD = gnu11;
				GCC_NO_COMMON_BLOCKS = YES;
				GCC_WARN_64_TO_32_BIT_CONVERSION = YES;
				GCC_WARN_ABOUT_RETURN_TYPE = YES_ERROR;
				GCC_WARN_UNDECLARED_SELECTOR = YES;
				GCC_WARN_UNINITIALIZED_AUTOS = YES_AGGRESSIVE;
				GCC_WARN_UNUSED_FUNCTION = YES;
				GCC_WARN_UNUSED_VARIABLE = YES;
				IPHONEOS_DEPLOYMENT_TARGET = 16.4;
				MTL_ENABLE_DEBUG_INFO = NO;
				MTL_FAST_MATH = YES;
				SDKROOT = iphoneos;
				SWIFT_COMPILATION_MODE = wholemodule;
				SWIFT_OPTIMIZATION_LEVEL = "-O";
				VALIDATE_PRODUCT = YES;
			};
			name = Release;
		};
		1E2CCE322A923EFD001DD849 /* Debug */ = {
			isa = XCBuildConfiguration;
			buildSettings = {
				ASSETCATALOG_COMPILER_APPICON_NAME = AppIcon;
				ASSETCATALOG_COMPILER_GLOBAL_ACCENT_COLOR_NAME = AccentColor;
				CODE_SIGN_STYLE = Automatic;
				CURRENT_PROJECT_VERSION = 1;
				DEVELOPMENT_ASSET_PATHS = "\"Landmark/Preview Content\"";
				DEVELOPMENT_TEAM = RWNWK95DSQ;
				ENABLE_PREVIEWS = YES;
				GENERATE_INFOPLIST_FILE = YES;
				INFOPLIST_KEY_UIApplicationSceneManifest_Generation = YES;
				INFOPLIST_KEY_UIApplicationSupportsIndirectInputEvents = YES;
				INFOPLIST_KEY_UILaunchScreen_Generation = YES;
				INFOPLIST_KEY_UISupportedInterfaceOrientations_iPad = "UIInterfaceOrientationPortrait UIInterfaceOrientationPortraitUpsideDown UIInterfaceOrientationLandscapeLeft UIInterfaceOrientationLandscapeRight";
				INFOPLIST_KEY_UISupportedInterfaceOrientations_iPhone = "UIInterfaceOrientationPortrait UIInterfaceOrientationLandscapeLeft UIInterfaceOrientationLandscapeRight";
				LD_RUNPATH_SEARCH_PATHS = (
					"$(inherited)",
					"@executable_path/Frameworks",
				);
				MARKETING_VERSION = 1.0;
				PRODUCT_BUNDLE_IDENTIFIER = elric.Landmark;
				PRODUCT_NAME = "$(TARGET_NAME)";
				SWIFT_EMIT_LOC_STRINGS = YES;
				SWIFT_VERSION = 5.0;
				TARGETED_DEVICE_FAMILY = "1,2";
			};
			name = Debug;
		};
		1E2CCE332A923EFD001DD849 /* Release */ = {
			isa = XCBuildConfiguration;
			buildSettings = {
				ASSETCATALOG_COMPILER_APPICON_NAME = AppIcon;
				ASSETCATALOG_COMPILER_GLOBAL_ACCENT_COLOR_NAME = AccentColor;
				CODE_SIGN_STYLE = Automatic;
				CURRENT_PROJECT_VERSION = 1;
				DEVELOPMENT_ASSET_PATHS = "\"Landmark/Preview Content\"";
				DEVELOPMENT_TEAM = RWNWK95DSQ;
				ENABLE_PREVIEWS = YES;
				GENERATE_INFOPLIST_FILE = YES;
				INFOPLIST_KEY_UIApplicationSceneManifest_Generation = YES;
				INFOPLIST_KEY_UIApplicationSupportsIndirectInputEvents = YES;
				INFOPLIST_KEY_UILaunchScreen_Generation = YES;
				INFOPLIST_KEY_UISupportedInterfaceOrientations_iPad = "UIInterfaceOrientationPortrait UIInterfaceOrientationPortraitUpsideDown UIInterfaceOrientationLandscapeLeft UIInterfaceOrientationLandscapeRight";
				INFOPLIST_KEY_UISupportedInterfaceOrientations_iPhone = "UIInterfaceOrientationPortrait UIInterfaceOrientationLandscapeLeft UIInterfaceOrientationLandscapeRight";
				LD_RUNPATH_SEARCH_PATHS = (
					"$(inherited)",
					"@executable_path/Frameworks",
				);
				MARKETING_VERSION = 1.0;
				PRODUCT_BUNDLE_IDENTIFIER = elric.Landmark;
				PRODUCT_NAME = "$(TARGET_NAME)";
				SWIFT_EMIT_LOC_STRINGS = YES;
				SWIFT_VERSION = 5.0;
				TARGETED_DEVICE_FAMILY = "1,2";
			};
			name = Release;
		};
		1E2CCE352A923EFD001DD849 /* Debug */ = {
			isa = XCBuildConfiguration;
			buildSettings = {
				ALWAYS_EMBED_SWIFT_STANDARD_LIBRARIES = YES;
				BUNDLE_LOADER = "$(TEST_HOST)";
				CODE_SIGN_STYLE = Automatic;
				CURRENT_PROJECT_VERSION = 1;
				DEVELOPMENT_TEAM = RWNWK95DSQ;
				GENERATE_INFOPLIST_FILE = YES;
				IPHONEOS_DEPLOYMENT_TARGET = 16.4;
				MARKETING_VERSION = 1.0;
				PRODUCT_BUNDLE_IDENTIFIER = elric.LandmarkTests;
				PRODUCT_NAME = "$(TARGET_NAME)";
				SWIFT_EMIT_LOC_STRINGS = NO;
				SWIFT_VERSION = 5.0;
				TARGETED_DEVICE_FAMILY = "1,2";
				TEST_HOST = "$(BUILT_PRODUCTS_DIR)/Landmark.app/$(BUNDLE_EXECUTABLE_FOLDER_PATH)/Landmark";
			};
			name = Debug;
		};
		1E2CCE362A923EFD001DD849 /* Release */ = {
			isa = XCBuildConfiguration;
			buildSettings = {
				ALWAYS_EMBED_SWIFT_STANDARD_LIBRARIES = YES;
				BUNDLE_LOADER = "$(TEST_HOST)";
				CODE_SIGN_STYLE = Automatic;
				CURRENT_PROJECT_VERSION = 1;
				DEVELOPMENT_TEAM = RWNWK95DSQ;
				GENERATE_INFOPLIST_FILE = YES;
				IPHONEOS_DEPLOYMENT_TARGET = 16.4;
				MARKETING_VERSION = 1.0;
				PRODUCT_BUNDLE_IDENTIFIER = elric.LandmarkTests;
				PRODUCT_NAME = "$(TARGET_NAME)";
				SWIFT_EMIT_LOC_STRINGS = NO;
				SWIFT_VERSION = 5.0;
				TARGETED_DEVICE_FAMILY = "1,2";
				TEST_HOST = "$(BUILT_PRODUCTS_DIR)/Landmark.app/$(BUNDLE_EXECUTABLE_FOLDER_PATH)/Landmark";
			};
			name = Release;
		};
		1E2CCE382A923EFD001DD849 /* Debug */ = {
			isa = XCBuildConfiguration;
			buildSettings = {
				ALWAYS_EMBED_SWIFT_STANDARD_LIBRARIES = YES;
				CODE_SIGN_STYLE = Automatic;
				CURRENT_PROJECT_VERSION = 1;
				DEVELOPMENT_TEAM = RWNWK95DSQ;
				GENERATE_INFOPLIST_FILE = YES;
				MARKETING_VERSION = 1.0;
				PRODUCT_BUNDLE_IDENTIFIER = elric.LandmarkUITests;
				PRODUCT_NAME = "$(TARGET_NAME)";
				SWIFT_EMIT_LOC_STRINGS = NO;
				SWIFT_VERSION = 5.0;
				TARGETED_DEVICE_FAMILY = "1,2";
				TEST_TARGET_NAME = Landmark;
			};
			name = Debug;
		};
		1E2CCE392A923EFD001DD849 /* Release */ = {
			isa = XCBuildConfiguration;
			buildSettings = {
				ALWAYS_EMBED_SWIFT_STANDARD_LIBRARIES = YES;
				CODE_SIGN_STYLE = Automatic;
				CURRENT_PROJECT_VERSION = 1;
				DEVELOPMENT_TEAM = RWNWK95DSQ;
				GENERATE_INFOPLIST_FILE = YES;
				MARKETING_VERSION = 1.0;
				PRODUCT_BUNDLE_IDENTIFIER = elric.LandmarkUITests;
				PRODUCT_NAME = "$(TARGET_NAME)";
				SWIFT_EMIT_LOC_STRINGS = NO;
				SWIFT_VERSION = 5.0;
				TARGETED_DEVICE_FAMILY = "1,2";
				TEST_TARGET_NAME = Landmark;
			};
			name = Release;
		};
/* End XCBuildConfiguration section */

/* Begin XCConfigurationList section */
		1E1E9D462A9DFD210095BB0C /* Build configuration list for PBXNativeTarget "Landmarks Watch App" */ = {
			isa = XCConfigurationList;
			buildConfigurations = (
				1E1E9D402A9DFD210095BB0C /* Debug */,
				1E1E9D412A9DFD210095BB0C /* Release */,
			);
			defaultConfigurationIsVisible = 0;
			defaultConfigurationName = Release;
		};
		1E1E9D472A9DFD210095BB0C /* Build configuration list for PBXNativeTarget "Landmarks Watch AppTests" */ = {
			isa = XCConfigurationList;
			buildConfigurations = (
				1E1E9D422A9DFD210095BB0C /* Debug */,
				1E1E9D432A9DFD210095BB0C /* Release */,
			);
			defaultConfigurationIsVisible = 0;
			defaultConfigurationName = Release;
		};
		1E1E9D482A9DFD210095BB0C /* Build configuration list for PBXNativeTarget "Landmarks Watch AppUITests" */ = {
			isa = XCConfigurationList;
			buildConfigurations = (
				1E1E9D442A9DFD210095BB0C /* Debug */,
				1E1E9D452A9DFD210095BB0C /* Release */,
			);
			defaultConfigurationIsVisible = 0;
			defaultConfigurationName = Release;
		};
		1E1E9D6F2A9E0CF40095BB0C /* Build configuration list for PBXNativeTarget "MacLandmarks" */ = {
			isa = XCConfigurationList;
			buildConfigurations = (
				1E1E9D702A9E0CF40095BB0C /* Debug */,
				1E1E9D712A9E0CF40095BB0C /* Release */,
			);
			defaultConfigurationIsVisible = 0;
			defaultConfigurationName = Release;
		};
		1E2CCE082A923EFC001DD849 /* Build configuration list for PBXProject "Landmark" */ = {
			isa = XCConfigurationList;
			buildConfigurations = (
				1E2CCE2F2A923EFD001DD849 /* Debug */,
				1E2CCE302A923EFD001DD849 /* Release */,
			);
			defaultConfigurationIsVisible = 0;
			defaultConfigurationName = Release;
		};
		1E2CCE312A923EFD001DD849 /* Build configuration list for PBXNativeTarget "Landmark" */ = {
			isa = XCConfigurationList;
			buildConfigurations = (
				1E2CCE322A923EFD001DD849 /* Debug */,
				1E2CCE332A923EFD001DD849 /* Release */,
			);
			defaultConfigurationIsVisible = 0;
			defaultConfigurationName = Release;
		};
		1E2CCE342A923EFD001DD849 /* Build configuration list for PBXNativeTarget "LandmarkTests" */ = {
			isa = XCConfigurationList;
			buildConfigurations = (
				1E2CCE352A923EFD001DD849 /* Debug */,
				1E2CCE362A923EFD001DD849 /* Release */,
			);
			defaultConfigurationIsVisible = 0;
			defaultConfigurationName = Release;
		};
		1E2CCE372A923EFD001DD849 /* Build configuration list for PBXNativeTarget "LandmarkUITests" */ = {
			isa = XCConfigurationList;
			buildConfigurations = (
				1E2CCE382A923EFD001DD849 /* Debug */,
				1E2CCE392A923EFD001DD849 /* Release */,
			);
			defaultConfigurationIsVisible = 0;
			defaultConfigurationName = Release;
		};
/* End XCConfigurationList section */
	};
	rootObject = 1E2CCE052A923EFC001DD849 /* Project object */;
}
